// !$*UTF8*$!
{
	archiveVersion = 1;
	classes = {
	};
	objectVersion = 55;
	objects = {

/* Begin PBXBuildFile section */
		2D3ED8C9282F07E3005301A5 /* Slot_MachineApp.swift in Sources */ = {isa = PBXBuildFile; fileRef = 2D3ED8C8282F07E3005301A5 /* Slot_MachineApp.swift */; };
		2D3ED8CB282F07E3005301A5 /* ContentView.swift in Sources */ = {isa = PBXBuildFile; fileRef = 2D3ED8CA282F07E3005301A5 /* ContentView.swift */; };
		2D3ED8CD282F07E7005301A5 /* Assets.xcassets in Resources */ = {isa = PBXBuildFile; fileRef = 2D3ED8CC282F07E7005301A5 /* Assets.xcassets */; };
		2D3ED8D0282F07E7005301A5 /* Preview Assets.xcassets in Resources */ = {isa = PBXBuildFile; fileRef = 2D3ED8CF282F07E7005301A5 /* Preview Assets.xcassets */; };
		2D3ED8DE282F0A10005301A5 /* riseup.mp3 in Resources */ = {isa = PBXBuildFile; fileRef = 2D3ED8D6282F0A10005301A5 /* riseup.mp3 */; };
		2D3ED8DF282F0A10005301A5 /* game-over.mp3 in Resources */ = {isa = PBXBuildFile; fileRef = 2D3ED8D7282F0A10005301A5 /* game-over.mp3 */; };
		2D3ED8E0282F0A10005301A5 /* casino-chips.mp3 in Resources */ = {isa = PBXBuildFile; fileRef = 2D3ED8D8282F0A10005301A5 /* casino-chips.mp3 */; };
		2D3ED8E1282F0A10005301A5 /* background-music.mp3 in Resources */ = {isa = PBXBuildFile; fileRef = 2D3ED8D9282F0A10005301A5 /* background-music.mp3 */; };
		2D3ED8E2282F0A10005301A5 /* chimeup.mp3 in Resources */ = {isa = PBXBuildFile; fileRef = 2D3ED8DA282F0A10005301A5 /* chimeup.mp3 */; };
		2D3ED8E3282F0A10005301A5 /* high-score.mp3 in Resources */ = {isa = PBXBuildFile; fileRef = 2D3ED8DB282F0A10005301A5 /* high-score.mp3 */; };
		2D3ED8E4282F0A10005301A5 /* spin.mp3 in Resources */ = {isa = PBXBuildFile; fileRef = 2D3ED8DC282F0A10005301A5 /* spin.mp3 */; };
		2D3ED8E5282F0A10005301A5 /* win.mp3 in Resources */ = {isa = PBXBuildFile; fileRef = 2D3ED8DD282F0A10005301A5 /* win.mp3 */; };
		2D3ED8EC282F0EF8005301A5 /* LogoView.swift in Sources */ = {isa = PBXBuildFile; fileRef = 2D3ED8EB282F0EF8005301A5 /* LogoView.swift */; };
		2D3ED8EE282F0F29005301A5 /* Modifiers.swift in Sources */ = {isa = PBXBuildFile; fileRef = 2D3ED8ED282F0F29005301A5 /* Modifiers.swift */; };
		2D3ED8F0282F12A4005301A5 /* Extensions.swift in Sources */ = {isa = PBXBuildFile; fileRef = 2D3ED8EF282F12A4005301A5 /* Extensions.swift */; };
		2D3ED8F2282F193E005301A5 /* ReelView.swift in Sources */ = {isa = PBXBuildFile; fileRef = 2D3ED8F1282F193E005301A5 /* ReelView.swift */; };
		2D3ED8F42833144B005301A5 /* InfoView.swift in Sources */ = {isa = PBXBuildFile; fileRef = 2D3ED8F32833144B005301A5 /* InfoView.swift */; };
		2D3ED8F62834679E005301A5 /* PlaySound.swift in Sources */ = {isa = PBXBuildFile; fileRef = 2D3ED8F52834679D005301A5 /* PlaySound.swift */; };
/* End PBXBuildFile section */

/* Begin PBXFileReference section */
		2D3ED8C5282F07E3005301A5 /* Slot Machine.app */ = {isa = PBXFileReference; explicitFileType = wrapper.application; includeInIndex = 0; path = "Slot Machine.app"; sourceTree = BUILT_PRODUCTS_DIR; };
		2D3ED8C8282F07E3005301A5 /* Slot_MachineApp.swift */ = {isa = PBXFileReference; lastKnownFileType = sourcecode.swift; path = Slot_MachineApp.swift; sourceTree = "<group>"; };
		2D3ED8CA282F07E3005301A5 /* ContentView.swift */ = {isa = PBXFileReference; lastKnownFileType = sourcecode.swift; path = ContentView.swift; sourceTree = "<group>"; };
		2D3ED8CC282F07E7005301A5 /* Assets.xcassets */ = {isa = PBXFileReference; lastKnownFileType = folder.assetcatalog; path = Assets.xcassets; sourceTree = "<group>"; };
		2D3ED8CF282F07E7005301A5 /* Preview Assets.xcassets */ = {isa = PBXFileReference; lastKnownFileType = folder.assetcatalog; path = "Preview Assets.xcassets"; sourceTree = "<group>"; };
		2D3ED8D6282F0A10005301A5 /* riseup.mp3 */ = {isa = PBXFileReference; lastKnownFileType = audio.mp3; path = riseup.mp3; sourceTree = "<group>"; };
		2D3ED8D7282F0A10005301A5 /* game-over.mp3 */ = {isa = PBXFileReference; lastKnownFileType = audio.mp3; path = "game-over.mp3"; sourceTree = "<group>"; };
		2D3ED8D8282F0A10005301A5 /* casino-chips.mp3 */ = {isa = PBXFileReference; lastKnownFileType = audio.mp3; path = "casino-chips.mp3"; sourceTree = "<group>"; };
		2D3ED8D9282F0A10005301A5 /* background-music.mp3 */ = {isa = PBXFileReference; lastKnownFileType = audio.mp3; path = "background-music.mp3"; sourceTree = "<group>"; };
		2D3ED8DA282F0A10005301A5 /* chimeup.mp3 */ = {isa = PBXFileReference; lastKnownFileType = audio.mp3; path = chimeup.mp3; sourceTree = "<group>"; };
		2D3ED8DB282F0A10005301A5 /* high-score.mp3 */ = {isa = PBXFileReference; lastKnownFileType = audio.mp3; path = "high-score.mp3"; sourceTree = "<group>"; };
		2D3ED8DC282F0A10005301A5 /* spin.mp3 */ = {isa = PBXFileReference; lastKnownFileType = audio.mp3; path = spin.mp3; sourceTree = "<group>"; };
		2D3ED8DD282F0A10005301A5 /* win.mp3 */ = {isa = PBXFileReference; lastKnownFileType = audio.mp3; path = win.mp3; sourceTree = "<group>"; };
		2D3ED8EA282F0B39005301A5 /* Slot-Machine-Info.plist */ = {isa = PBXFileReference; lastKnownFileType = text.plist; path = "Slot-Machine-Info.plist"; sourceTree = SOURCE_ROOT; };
		2D3ED8EB282F0EF8005301A5 /* LogoView.swift */ = {isa = PBXFileReference; lastKnownFileType = sourcecode.swift; path = LogoView.swift; sourceTree = "<group>"; };
		2D3ED8ED282F0F29005301A5 /* Modifiers.swift */ = {isa = PBXFileReference; lastKnownFileType = sourcecode.swift; path = Modifiers.swift; sourceTree = "<group>"; };
		2D3ED8EF282F12A4005301A5 /* Extensions.swift */ = {isa = PBXFileReference; lastKnownFileType = sourcecode.swift; path = Extensions.swift; sourceTree = "<group>"; };
		2D3ED8F1282F193E005301A5 /* ReelView.swift */ = {isa = PBXFileReference; lastKnownFileType = sourcecode.swift; path = ReelView.swift; sourceTree = "<group>"; };
		2D3ED8F32833144B005301A5 /* InfoView.swift */ = {isa = PBXFileReference; lastKnownFileType = sourcecode.swift; path = InfoView.swift; sourceTree = "<group>"; };
		2D3ED8F52834679D005301A5 /* PlaySound.swift */ = {isa = PBXFileReference; lastKnownFileType = sourcecode.swift; path = PlaySound.swift; sourceTree = "<group>"; };
/* End PBXFileReference section */

/* Begin PBXFrameworksBuildPhase section */
		2D3ED8C2282F07E3005301A5 /* Frameworks */ = {
			isa = PBXFrameworksBuildPhase;
			buildActionMask = 2147483647;
			files = (
			);
			runOnlyForDeploymentPostprocessing = 0;
		};
/* End PBXFrameworksBuildPhase section */

/* Begin PBXGroup section */
		2D3ED8BC282F07E3005301A5 = {
			isa = PBXGroup;
			children = (
				2D3ED8C7282F07E3005301A5 /* Slot Machine */,
				2D3ED8C6282F07E3005301A5 /* Products */,
			);
			sourceTree = "<group>";
		};
		2D3ED8C6282F07E3005301A5 /* Products */ = {
			isa = PBXGroup;
			children = (
				2D3ED8C5282F07E3005301A5 /* Slot Machine.app */,
			);
			name = Products;
			sourceTree = "<group>";
		};
		2D3ED8C7282F07E3005301A5 /* Slot Machine */ = {
			isa = PBXGroup;
			children = (
				2D3ED8EA282F0B39005301A5 /* Slot-Machine-Info.plist */,
				2D3ED8E8282F0A6F005301A5 /* App */,
				2D3ED8E7282F0A61005301A5 /* Views */,
				2D3ED8E9282F0A78005301A5 /* Helpers */,
				2D3ED8E6282F0A1A005301A5 /* Sounds */,
				2D3ED8CC282F07E7005301A5 /* Assets.xcassets */,
				2D3ED8CE282F07E7005301A5 /* Preview Content */,
			);
			path = "Slot Machine";
			sourceTree = "<group>";
		};
		2D3ED8CE282F07E7005301A5 /* Preview Content */ = {
			isa = PBXGroup;
			children = (
				2D3ED8CF282F07E7005301A5 /* Preview Assets.xcassets */,
			);
			path = "Preview Content";
			sourceTree = "<group>";
		};
		2D3ED8E6282F0A1A005301A5 /* Sounds */ = {
			isa = PBXGroup;
			children = (
				2D3ED8D9282F0A10005301A5 /* background-music.mp3 */,
				2D3ED8D8282F0A10005301A5 /* casino-chips.mp3 */,
				2D3ED8DA282F0A10005301A5 /* chimeup.mp3 */,
				2D3ED8D7282F0A10005301A5 /* game-over.mp3 */,
				2D3ED8DB282F0A10005301A5 /* high-score.mp3 */,
				2D3ED8D6282F0A10005301A5 /* riseup.mp3 */,
				2D3ED8DC282F0A10005301A5 /* spin.mp3 */,
				2D3ED8DD282F0A10005301A5 /* win.mp3 */,
			);
			path = Sounds;
			sourceTree = "<group>";
		};
		2D3ED8E7282F0A61005301A5 /* Views */ = {
			isa = PBXGroup;
			children = (
				2D3ED8CA282F07E3005301A5 /* ContentView.swift */,
				2D3ED8EB282F0EF8005301A5 /* LogoView.swift */,
				2D3ED8F1282F193E005301A5 /* ReelView.swift */,
				2D3ED8F32833144B005301A5 /* InfoView.swift */,
			);
			path = Views;
			sourceTree = "<group>";
		};
		2D3ED8E8282F0A6F005301A5 /* App */ = {
			isa = PBXGroup;
			children = (
				2D3ED8C8282F07E3005301A5 /* Slot_MachineApp.swift */,
			);
			path = App;
			sourceTree = "<group>";
		};
		2D3ED8E9282F0A78005301A5 /* Helpers */ = {
			isa = PBXGroup;
			children = (
				2D3ED8ED282F0F29005301A5 /* Modifiers.swift */,
				2D3ED8EF282F12A4005301A5 /* Extensions.swift */,
				2D3ED8F52834679D005301A5 /* PlaySound.swift */,
			);
			path = Helpers;
			sourceTree = "<group>";
		};
/* End PBXGroup section */

/* Begin PBXNativeTarget section */
		2D3ED8C4282F07E3005301A5 /* Slot Machine */ = {
			isa = PBXNativeTarget;
			buildConfigurationList = 2D3ED8D3282F07E7005301A5 /* Build configuration list for PBXNativeTarget "Slot Machine" */;
			buildPhases = (
				2D3ED8C1282F07E3005301A5 /* Sources */,
				2D3ED8C2282F07E3005301A5 /* Frameworks */,
				2D3ED8C3282F07E3005301A5 /* Resources */,
			);
			buildRules = (
			);
			dependencies = (
			);
			name = "Slot Machine";
			productName = "Slot Machine";
			productReference = 2D3ED8C5282F07E3005301A5 /* Slot Machine.app */;
			productType = "com.apple.product-type.application";
		};
/* End PBXNativeTarget section */

/* Begin PBXProject section */
		2D3ED8BD282F07E3005301A5 /* Project object */ = {
			isa = PBXProject;
			attributes = {
				BuildIndependentTargetsInParallel = 1;
				LastSwiftUpdateCheck = 1330;
				LastUpgradeCheck = 1330;
				TargetAttributes = {
					2D3ED8C4282F07E3005301A5 = {
						CreatedOnToolsVersion = 13.3.1;
					};
				};
			};
			buildConfigurationList = 2D3ED8C0282F07E3005301A5 /* Build configuration list for PBXProject "Slot Machine" */;
			compatibilityVersion = "Xcode 13.0";
			developmentRegion = en;
			hasScannedForEncodings = 0;
			knownRegions = (
				en,
				Base,
			);
			mainGroup = 2D3ED8BC282F07E3005301A5;
			productRefGroup = 2D3ED8C6282F07E3005301A5 /* Products */;
			projectDirPath = "";
			projectRoot = "";
			targets = (
				2D3ED8C4282F07E3005301A5 /* Slot Machine */,
			);
		};
/* End PBXProject section */

/* Begin PBXResourcesBuildPhase section */
		2D3ED8C3282F07E3005301A5 /* Resources */ = {
			isa = PBXResourcesBuildPhase;
			buildActionMask = 2147483647;
			files = (
				2D3ED8DE282F0A10005301A5 /* riseup.mp3 in Resources */,
				2D3ED8D0282F07E7005301A5 /* Preview Assets.xcassets in Resources */,
				2D3ED8E4282F0A10005301A5 /* spin.mp3 in Resources */,
				2D3ED8E2282F0A10005301A5 /* chimeup.mp3 in Resources */,
				2D3ED8DF282F0A10005301A5 /* game-over.mp3 in Resources */,
				2D3ED8E5282F0A10005301A5 /* win.mp3 in Resources */,
				2D3ED8CD282F07E7005301A5 /* Assets.xcassets in Resources */,
				2D3ED8E3282F0A10005301A5 /* high-score.mp3 in Resources */,
				2D3ED8E1282F0A10005301A5 /* background-music.mp3 in Resources */,
				2D3ED8E0282F0A10005301A5 /* casino-chips.mp3 in Resources */,
			);
			runOnlyForDeploymentPostprocessing = 0;
		};
/* End PBXResourcesBuildPhase section */

/* Begin PBXSourcesBuildPhase section */
		2D3ED8C1282F07E3005301A5 /* Sources */ = {
			isa = PBXSourcesBuildPhase;
			buildActionMask = 2147483647;
			files = (
				2D3ED8F2282F193E005301A5 /* ReelView.swift in Sources */,
				2D3ED8F62834679E005301A5 /* PlaySound.swift in Sources */,
				2D3ED8F0282F12A4005301A5 /* Extensions.swift in Sources */,
				2D3ED8EE282F0F29005301A5 /* Modifiers.swift in Sources */,
				2D3ED8CB282F07E3005301A5 /* ContentView.swift in Sources */,
				2D3ED8EC282F0EF8005301A5 /* LogoView.swift in Sources */,
				2D3ED8C9282F07E3005301A5 /* Slot_MachineApp.swift in Sources */,
				2D3ED8F42833144B005301A5 /* InfoView.swift in Sources */,
			);
			runOnlyForDeploymentPostprocessing = 0;
		};
/* End PBXSourcesBuildPhase section */

/* Begin XCBuildConfiguration section */
		2D3ED8D1282F07E7005301A5 /* Debug */ = {
			isa = XCBuildConfiguration;
			buildSettings = {
				ALWAYS_SEARCH_USER_PATHS = NO;
				CLANG_ANALYZER_NONNULL = YES;
				CLANG_ANALYZER_NUMBER_OBJECT_CONVERSION = YES_AGGRESSIVE;
				CLANG_CXX_LANGUAGE_STANDARD = "gnu++17";
				CLANG_ENABLE_MODULES = YES;
				CLANG_ENABLE_OBJC_ARC = YES;
				CLANG_ENABLE_OBJC_WEAK = YES;
				CLANG_WARN_BLOCK_CAPTURE_AUTORELEASING = YES;
				CLANG_WARN_BOOL_CONVERSION = YES;
				CLANG_WARN_COMMA = YES;
				CLANG_WARN_CONSTANT_CONVERSION = YES;
				CLANG_WARN_DEPRECATED_OBJC_IMPLEMENTATIONS = YES;
				CLANG_WARN_DIRECT_OBJC_ISA_USAGE = YES_ERROR;
				CLANG_WARN_DOCUMENTATION_COMMENTS = YES;
				CLANG_WARN_EMPTY_BODY = YES;
				CLANG_WARN_ENUM_CONVERSION = YES;
				CLANG_WARN_INFINITE_RECURSION = YES;
				CLANG_WARN_INT_CONVERSION = YES;
				CLANG_WARN_NON_LITERAL_NULL_CONVERSION = YES;
				CLANG_WARN_OBJC_IMPLICIT_RETAIN_SELF = YES;
				CLANG_WARN_OBJC_LITERAL_CONVERSION = YES;
				CLANG_WARN_OBJC_ROOT_CLASS = YES_ERROR;
				CLANG_WARN_QUOTED_INCLUDE_IN_FRAMEWORK_HEADER = YES;
				CLANG_WARN_RANGE_LOOP_ANALYSIS = YES;
				CLANG_WARN_STRICT_PROTOTYPES = YES;
				CLANG_WARN_SUSPICIOUS_MOVE = YES;
				CLANG_WARN_UNGUARDED_AVAILABILITY = YES_AGGRESSIVE;
				CLANG_WARN_UNREACHABLE_CODE = YES;
				CLANG_WARN__DUPLICATE_METHOD_MATCH = YES;
				COPY_PHASE_STRIP = NO;
				DEBUG_INFORMATION_FORMAT = dwarf;
				ENABLE_STRICT_OBJC_MSGSEND = YES;
				ENABLE_TESTABILITY = YES;
				GCC_C_LANGUAGE_STANDARD = gnu11;
				GCC_DYNAMIC_NO_PIC = NO;
				GCC_NO_COMMON_BLOCKS = YES;
				GCC_OPTIMIZATION_LEVEL = 0;
				GCC_PREPROCESSOR_DEFINITIONS = (
					"DEBUG=1",
					"$(inherited)",
				);
				GCC_WARN_64_TO_32_BIT_CONVERSION = YES;
				GCC_WARN_ABOUT_RETURN_TYPE = YES_ERROR;
				GCC_WARN_UNDECLARED_SELECTOR = YES;
				GCC_WARN_UNINITIALIZED_AUTOS = YES_AGGRESSIVE;
				GCC_WARN_UNUSED_FUNCTION = YES;
				GCC_WARN_UNUSED_VARIABLE = YES;
				IPHONEOS_DEPLOYMENT_TARGET = 15.4;
				MTL_ENABLE_DEBUG_INFO = INCLUDE_SOURCE;
				MTL_FAST_MATH = YES;
				ONLY_ACTIVE_ARCH = YES;
				SDKROOT = iphoneos;
				SWIFT_ACTIVE_COMPILATION_CONDITIONS = DEBUG;
				SWIFT_OPTIMIZATION_LEVEL = "-Onone";
			};
			name = Debug;
		};
		2D3ED8D2282F07E7005301A5 /* Release */ = {
			isa = XCBuildConfiguration;
			buildSettings = {
				ALWAYS_SEARCH_USER_PATHS = NO;
				CLANG_ANALYZER_NONNULL = YES;
				CLANG_ANALYZER_NUMBER_OBJECT_CONVERSION = YES_AGGRESSIVE;
				CLANG_CXX_LANGUAGE_STANDARD = "gnu++17";
				CLANG_ENABLE_MODULES = YES;
				CLANG_ENABLE_OBJC_ARC = YES;
				CLANG_ENABLE_OBJC_WEAK = YES;
				CLANG_WARN_BLOCK_CAPTURE_AUTORELEASING = YES;
				CLANG_WARN_BOOL_CONVERSION = YES;
				CLANG_WARN_COMMA = YES;
				CLANG_WARN_CONSTANT_CONVERSION = YES;
				CLANG_WARN_DEPRECATED_OBJC_IMPLEMENTATIONS = YES;
				CLANG_WARN_DIRECT_OBJC_ISA_USAGE = YES_ERROR;
				CLANG_WARN_DOCUMENTATION_COMMENTS = YES;
				CLANG_WARN_EMPTY_BODY = YES;
				CLANG_WARN_ENUM_CONVERSION = YES;
				CLANG_WARN_INFINITE_RECURSION = YES;
				CLANG_WARN_INT_CONVERSION = YES;
				CLANG_WARN_NON_LITERAL_NULL_CONVERSION = YES;
				CLANG_WARN_OBJC_IMPLICIT_RETAIN_SELF = YES;
				CLANG_WARN_OBJC_LITERAL_CONVERSION = YES;
				CLANG_WARN_OBJC_ROOT_CLASS = YES_ERROR;
				CLANG_WARN_QUOTED_INCLUDE_IN_FRAMEWORK_HEADER = YES;
				CLANG_WARN_RANGE_LOOP_ANALYSIS = YES;
				CLANG_WARN_STRICT_PROTOTYPES = YES;
				CLANG_WARN_SUSPICIOUS_MOVE = YES;
				CLANG_WARN_UNGUARDED_AVAILABILITY = YES_AGGRESSIVE;
				CLANG_WARN_UNREACHABLE_CODE = YES;
				CLANG_WARN__DUPLICATE_METHOD_MATCH = YES;
				COPY_PHASE_STRIP = NO;
				DEBUG_INFORMATION_FORMAT = "dwarf-with-dsym";
				ENABLE_NS_ASSERTIONS = NO;
				ENABLE_STRICT_OBJC_MSGSEND = YES;
				GCC_C_LANGUAGE_STANDARD = gnu11;
				GCC_NO_COMMON_BLOCKS = YES;
				GCC_WARN_64_TO_32_BIT_CONVERSION = YES;
				GCC_WARN_ABOUT_RETURN_TYPE = YES_ERROR;
				GCC_WARN_UNDECLARED_SELECTOR = YES;
				GCC_WARN_UNINITIALIZED_AUTOS = YES_AGGRESSIVE;
				GCC_WARN_UNUSED_FUNCTION = YES;
				GCC_WARN_UNUSED_VARIABLE = YES;
				IPHONEOS_DEPLOYMENT_TARGET = 15.4;
				MTL_ENABLE_DEBUG_INFO = NO;
				MTL_FAST_MATH = YES;
				SDKROOT = iphoneos;
				SWIFT_COMPILATION_MODE = wholemodule;
				SWIFT_OPTIMIZATION_LEVEL = "-O";
				VALIDATE_PRODUCT = YES;
			};
			name = Release;
		};
		2D3ED8D4282F07E7005301A5 /* Debug */ = {
			isa = XCBuildConfiguration;
			buildSettings = {
				ASSETCATALOG_COMPILER_APPICON_NAME = AppIcon;
				ASSETCATALOG_COMPILER_GLOBAL_ACCENT_COLOR_NAME = AccentColor;
				CODE_SIGN_STYLE = Automatic;
				CURRENT_PROJECT_VERSION = 1;
				DEVELOPMENT_ASSET_PATHS = "\"Slot Machine/Preview Content\"";
				DEVELOPMENT_TEAM = 7RT4X7Y335;
				ENABLE_PREVIEWS = YES;
				GENERATE_INFOPLIST_FILE = YES;
				INFOPLIST_FILE = "Slot-Machine-Info.plist";
				INFOPLIST_KEY_UIApplicationSceneManifest_Generation = YES;
				INFOPLIST_KEY_UIApplicationSupportsIndirectInputEvents = YES;
				INFOPLIST_KEY_UISupportedInterfaceOrientations_iPad = "UIInterfaceOrientationPortrait UIInterfaceOrientationPortraitUpsideDown UIInterfaceOrientationLandscapeLeft UIInterfaceOrientationLandscapeRight";
				INFOPLIST_KEY_UISupportedInterfaceOrientations_iPhone = "UIInterfaceOrientationPortrait UIInterfaceOrientationLandscapeLeft UIInterfaceOrientationLandscapeRight";
				LD_RUNPATH_SEARCH_PATHS = (
					"$(inherited)",
					"@executable_path/Frameworks",
				);
				MARKETING_VERSION = 1.0;
				PRODUCT_BUNDLE_IDENTIFIER = "com.hlenterprises.Slot-Machine";
				PRODUCT_NAME = "$(TARGET_NAME)";
				SWIFT_EMIT_LOC_STRINGS = YES;
				SWIFT_VERSION = 5.0;
				TARGETED_DEVICE_FAMILY = "1,2";
			};
			name = Debug;
		};
		2D3ED8D5282F07E7005301A5 /* Release */ = {
			isa = XCBuildConfiguration;
			buildSettings = {
				ASSETCATALOG_COMPILER_APPICON_NAME = AppIcon;
				ASSETCATALOG_COMPILER_GLOBAL_ACCENT_COLOR_NAME = AccentColor;
				CODE_SIGN_STYLE = Automatic;
				CURRENT_PROJECT_VERSION = 1;
				DEVELOPMENT_ASSET_PATHS = "\"Slot Machine/Preview Content\"";
				DEVELOPMENT_TEAM = 7RT4X7Y335;
				ENABLE_PREVIEWS = YES;
				GENERATE_INFOPLIST_FILE = YES;
				INFOPLIST_FILE = "Slot-Machine-Info.plist";
				INFOPLIST_KEY_UIApplicationSceneManifest_Generation = YES;
				INFOPLIST_KEY_UIApplicationSupportsIndirectInputEvents = YES;
				INFOPLIST_KEY_UISupportedInterfaceOrientations_iPad = "UIInterfaceOrientationPortrait UIInterfaceOrientationPortraitUpsideDown UIInterfaceOrientationLandscapeLeft UIInterfaceOrientationLandscapeRight";
				INFOPLIST_KEY_UISupportedInterfaceOrientations_iPhone = "UIInterfaceOrientationPortrait UIInterfaceOrientationLandscapeLeft UIInterfaceOrientationLandscapeRight";
				LD_RUNPATH_SEARCH_PATHS = (
					"$(inherited)",
					"@executable_path/Frameworks",
				);
				MARKETING_VERSION = 1.0;
				PRODUCT_BUNDLE_IDENTIFIER = "com.hlenterprises.Slot-Machine";
				PRODUCT_NAME = "$(TARGET_NAME)";
				SWIFT_EMIT_LOC_STRINGS = YES;
				SWIFT_VERSION = 5.0;
				TARGETED_DEVICE_FAMILY = "1,2";
			};
			name = Release;
		};
/* End XCBuildConfiguration section */

/* Begin XCConfigurationList section */
		2D3ED8C0282F07E3005301A5 /* Build configuration list for PBXProject "Slot Machine" */ = {
			isa = XCConfigurationList;
			buildConfigurations = (
				2D3ED8D1282F07E7005301A5 /* Debug */,
				2D3ED8D2282F07E7005301A5 /* Release */,
			);
			defaultConfigurationIsVisible = 0;
			defaultConfigurationName = Release;
		};
		2D3ED8D3282F07E7005301A5 /* Build configuration list for PBXNativeTarget "Slot Machine" */ = {
			isa = XCConfigurationList;
			buildConfigurations = (
				2D3ED8D4282F07E7005301A5 /* Debug */,
				2D3ED8D5282F07E7005301A5 /* Release */,
			);
			defaultConfigurationIsVisible = 0;
			defaultConfigurationName = Release;
		};
/* End XCConfigurationList section */
	};
	rootObject = 2D3ED8BD282F07E3005301A5 /* Project object */;
}
